
Microsoft Visual Studio Solution File, Format Version 12.00
# Visual Studio 15
VisualStudioVersion = 15.0.27428.2037
MinimumVisualStudioVersion = 10.0.40219.1
Project("{9A19103F-16F7-4668-BE54-9A1E7A4F7556}") = "NoNameDev.CSharpCommon", "NoNameDev.CSharpCommon.csproj", "{54311BCC-74E1-4C01-BC69-4E44E8F43D70}"
EndProject
Project("{9A19103F-16F7-4668-BE54-9A1E7A4F7556}") = "NoNameDev.CSharpCommon.AspNetCore", "..\CSharpCommon.AspNetCore\NoNameDev.CSharpCommon.AspNetCore.csproj", "{FC693DEF-BBCF-44F3-B48A-5237698B39DB}"
EndProject
Project("{9A19103F-16F7-4668-BE54-9A1E7A4F7556}") = "NoNameDev.CSharpCommon.EntityFrameworkCore", "..\CSharpCommon.EntityFrameworkCore\NoNameDev.CSharpCommon.EntityFrameworkCore.csproj", "{01C1896D-C329-4F0A-9197-506615529E54}"
EndProject
Project("{9A19103F-16F7-4668-BE54-9A1E7A4F7556}") = "NoNameDev.CSharpCommon.ImageSharp", "..\CSharpCommon.ImageSharp\NoNameDev.CSharpCommon.ImageSharp.csproj", "{0A7BF331-6EE2-40F4-8016-87D40D1D4385}"
EndProject
Project("{9A19103F-16F7-4668-BE54-9A1E7A4F7556}") = "NoNameDev.CSharpCommon.Odbc", "..\CSharpCommon.Odbc\NoNameDev.CSharpCommon.Odbc.csproj", "{B96588EB-ECBB-4D73-9222-EC5B580923AD}"
EndProject
Project("{9A19103F-16F7-4668-BE54-9A1E7A4F7556}") = "NoNameDev.CSharpCommon.Tests", "..\CSharpCommon.Tests\NoNameDev.CSharpCommon.Tests.csproj", "{E1244993-9FE6-476B-A039-BE5509D7C215}"
EndProject
Global
	GlobalSection(SolutionConfigurationPlatforms) = preSolution
		Debug|Any CPU = Debug|Any CPU
		Release|Any CPU = Release|Any CPU
	EndGlobalSection
	GlobalSection(ProjectConfigurationPlatforms) = postSolution
		{54311BCC-74E1-4C01-BC69-4E44E8F43D70}.Debug|Any CPU.ActiveCfg = Debug|Any CPU
		{54311BCC-74E1-4C01-BC69-4E44E8F43D70}.Debug|Any CPU.Build.0 = Debug|Any CPU
		{54311BCC-74E1-4C01-BC69-4E44E8F43D70}.Release|Any CPU.ActiveCfg = Release|Any CPU
		{54311BCC-74E1-4C01-BC69-4E44E8F43D70}.Release|Any CPU.Build.0 = Release|Any CPU
		{FC693DEF-BBCF-44F3-B48A-5237698B39DB}.Debug|Any CPU.ActiveCfg = Debug|Any CPU
		{FC693DEF-BBCF-44F3-B48A-5237698B39DB}.Debug|Any CPU.Build.0 = Debug|Any CPU
		{FC693DEF-BBCF-44F3-B48A-5237698B39DB}.Release|Any CPU.ActiveCfg = Release|Any CPU
		{FC693DEF-BBCF-44F3-B48A-5237698B39DB}.Release|Any CPU.Build.0 = Release|Any CPU
		{01C1896D-C329-4F0A-9197-506615529E54}.Debug|Any CPU.ActiveCfg = Debug|Any CPU
		{01C1896D-C329-4F0A-9197-506615529E54}.Debug|Any CPU.Build.0 = Debug|Any CPU
		{01C1896D-C329-4F0A-9197-506615529E54}.Release|Any CPU.ActiveCfg = Release|Any CPU
		{01C1896D-C329-4F0A-9197-506615529E54}.Release|Any CPU.Build.0 = Release|Any CPU
		{0A7BF331-6EE2-40F4-8016-87D40D1D4385}.Debug|Any CPU.ActiveCfg = Debug|Any CPU
		{0A7BF331-6EE2-40F4-8016-87D40D1D4385}.Debug|Any CPU.Build.0 = Debug|Any CPU
		{0A7BF331-6EE2-40F4-8016-87D40D1D4385}.Release|Any CPU.ActiveCfg = Release|Any CPU
		{0A7BF331-6EE2-40F4-8016-87D40D1D4385}.Release|Any CPU.Build.0 = Release|Any CPU
		{B96588EB-ECBB-4D73-9222-EC5B580923AD}.Debug|Any CPU.ActiveCfg = Debug|Any CPU
		{B96588EB-ECBB-4D73-9222-EC5B580923AD}.Debug|Any CPU.Build.0 = Debug|Any CPU
		{B96588EB-ECBB-4D73-9222-EC5B580923AD}.Release|Any CPU.ActiveCfg = Release|Any CPU
		{B96588EB-ECBB-4D73-9222-EC5B580923AD}.Release|Any CPU.Build.0 = Release|Any CPU
		{E1244993-9FE6-476B-A039-BE5509D7C215}.Debug|Any CPU.ActiveCfg = Debug|Any CPU
		{E1244993-9FE6-476B-A039-BE5509D7C215}.Debug|Any CPU.Build.0 = Debug|Any CPU
		{E1244993-9FE6-476B-A039-BE5509D7C215}.Release|Any CPU.ActiveCfg = Release|Any CPU
		{E1244993-9FE6-476B-A039-BE5509D7C215}.Release|Any CPU.Build.0 = Release|Any CPU
	EndGlobalSection
	GlobalSection(SolutionProperties) = preSolution
		HideSolutionNode = FALSE
	EndGlobalSection
	GlobalSection(ExtensibilityGlobals) = postSolution
		SolutionGuid = {A8F79644-649B-4C96-A8BE-FF94833F2479}
	EndGlobalSection
EndGlobal
